{
  "name": "bedrock-bot",
  "version": "1.0.0",
  "lockfileVersion": 3,
  "requires": true,
  "packages": {
    "": {
      "name": "bedrock-bot",
      "version": "1.0.0",
      "dependencies": {
        "bedrock-protocol": "^3.23.0"
      }
    },
    "node_modules/bedrock-protocol": {
      "version": "3.23.0",
      "resolved": "https://registry.npmjs.org/bedrock-protocol/-/bedrock-protocol-3.23.0.tgz",
      "integrity": "sha512-/dummyhash+example==",
      "dependencies": {
        "raknet-native": "^2.3.0"
      }
    },
    "node_modules/raknet-native": {
      "version": "2.3.0",
      "resolved": "https://registry.npmjs.org/raknet-native/-/raknet-native-2.3.0.tgz",
      "integrity": "sha512-/dummyhash2+example=="
    }
  }
}
